
Microsoft Visual Studio Solution File, Format Version 12.00
# Visual Studio Version 17
VisualStudioVersion = 17.5.33516.290
MinimumVisualStudioVersion = 10.0.40219.1
Project("{FAE04EC0-301F-11D3-BF4B-00C04F79EFBC}") = "Antifraud.Service", "Antifraud.Service.csproj", "{EE93E119-F152-490D-A122-0B533E7653EB}"
EndProject
Global
	GlobalSection(SolutionConfigurationPlatforms) = preSolution
		Debug|Any CPU = Debug|Any CPU
		Release|Any CPU = Release|Any CPU
	EndGlobalSection
	GlobalSection(ProjectConfigurationPlatforms) = postSolution
		{EE93E119-F152-490D-A122-0B533E7653EB}.Debug|Any CPU.ActiveCfg = Debug|Any CPU
		{EE93E119-F152-490D-A122-0B533E7653EB}.Debug|Any CPU.Build.0 = Debug|Any CPU
		{EE93E119-F152-490D-A122-0B533E7653EB}.Release|Any CPU.ActiveCfg = Release|Any CPU
		{EE93E119-F152-490D-A122-0B533E7653EB}.Release|Any CPU.Build.0 = Release|Any CPU
	EndGlobalSection
	GlobalSection(SolutionProperties) = preSolution
		HideSolutionNode = FALSE
	EndGlobalSection
	GlobalSection(ExtensibilityGlobals) = postSolution
		SolutionGuid = {A012476B-550F-43B3-B033-04DE1D4304E7}
	EndGlobalSection
EndGlobal
